// !$*UTF8*$!
{
	archiveVersion = 1;
	classes = {
	};
	objectVersion = 70;
	objects = {

/* Begin PBXBuildFile section */
		D81DE20326E19F9200504703 /* Clibsodium in Frameworks */ = {isa = PBXBuildFile; productRef = D81DE20226E19F9200504703 /* Clibsodium */; };
		D835EC982471D811003E402E /* NetworkExtension.framework in Frameworks */ = {isa = PBXBuildFile; fileRef = D835EC972471D811003E402E /* NetworkExtension.framework */; };
		D87439032730C3E400B676A5 /* Diligence in Frameworks */ = {isa = PBXBuildFile; productRef = D87439022730C3E400B676A5 /* Diligence */; };
		D89FF2372721037B0028EC16 /* ExternalOperationTests.swift in Sources */ = {isa = PBXBuildFile; fileRef = D89FF2362721037B0028EC16 /* ExternalOperationTests.swift */; };
		D8A9B1482A043C0600D306F8 /* AVFoundation.framework in Frameworks */ = {isa = PBXBuildFile; fileRef = D8A9B1472A043C0500D306F8 /* AVFoundation.framework */; };
		D8CD32D32471D0AA00D82722 /* ExternalAccessory.framework in Frameworks */ = {isa = PBXBuildFile; fileRef = D8CD32D22471D0AA00D82722 /* ExternalAccessory.framework */; };
		D8EED7F12630EF19009E2166 /* Sodium in Frameworks */ = {isa = PBXBuildFile; productRef = D8EED7F02630EF19009E2166 /* Sodium */; };
/* End PBXBuildFile section */

/* Begin PBXContainerItemProxy section */
		D89FF2382721037B0028EC16 /* PBXContainerItemProxy */ = {
			isa = PBXContainerItemProxy;
			containerPortal = DBCA98712143E2920084B710 /* Project object */;
			proxyType = 1;
			remoteGlobalIDString = DBCA98782143E2920084B710;
			remoteInfo = StatusPanel;
		};
/* End PBXContainerItemProxy section */

/* Begin PBXCopyFilesBuildPhase section */
		D8EED7EE2630EE8F009E2166 /* Embed Frameworks */ = {
			isa = PBXCopyFilesBuildPhase;
			buildActionMask = 2147483647;
			dstPath = "";
			dstSubfolderSpec = 10;
			files = (
			);
			name = "Embed Frameworks";
			runOnlyForDeploymentPostprocessing = 0;
		};
/* End PBXCopyFilesBuildPhase section */

/* Begin PBXFileReference section */
		D835EC972471D811003E402E /* NetworkExtension.framework */ = {isa = PBXFileReference; lastKnownFileType = wrapper.framework; name = NetworkExtension.framework; path = System/Library/Frameworks/NetworkExtension.framework; sourceTree = SDKROOT; };
		D83C4B513074F5DD00F26138 /* StatusPanelTests.xctest */ = {isa = PBXFileReference; explicitFileType = wrapper.cfbundle; includeInIndex = 0; path = StatusPanelTests.xctest; sourceTree = BUILT_PRODUCTS_DIR; };
		D83C4C4E3074F60900F26138 /* StatusPanelCore */ = {isa = PBXFileReference; lastKnownFileType = wrapper; path = StatusPanelCore; sourceTree = "<group>"; };
		D89FF2362721037B0028EC16 /* ExternalOperationTests.swift */ = {isa = PBXFileReference; lastKnownFileType = sourcecode.swift; path = ExternalOperationTests.swift; sourceTree = "<group>"; };
		D8A9B1472A043C0500D306F8 /* AVFoundation.framework */ = {isa = PBXFileReference; lastKnownFileType = wrapper.framework; name = AVFoundation.framework; path = System/Library/Frameworks/AVFoundation.framework; sourceTree = SDKROOT; };
		D8CD32D22471D0AA00D82722 /* ExternalAccessory.framework */ = {isa = PBXFileReference; lastKnownFileType = wrapper.framework; name = ExternalAccessory.framework; path = System/Library/Frameworks/ExternalAccessory.framework; sourceTree = SDKROOT; };
		D8DC8D7E26E1ADAF004B081D /* Debug.xcconfig */ = {isa = PBXFileReference; fileEncoding = 4; lastKnownFileType = text.xcconfig; path = Debug.xcconfig; sourceTree = "<group>"; };
		D8DC8D7F26E1ADAF004B081D /* Common.xcconfig */ = {isa = PBXFileReference; fileEncoding = 4; lastKnownFileType = text.xcconfig; path = Common.xcconfig; sourceTree = "<group>"; };
		D8DC8D8026E1ADAF004B081D /* Release.xcconfig */ = {isa = PBXFileReference; fileEncoding = 4; lastKnownFileType = text.xcconfig; path = Release.xcconfig; sourceTree = "<group>"; };
		DBCA98792143E2920084B710 /* StatusPanel.app */ = {isa = PBXFileReference; explicitFileType = wrapper.application; includeInIndex = 0; path = StatusPanel.app; sourceTree = BUILT_PRODUCTS_DIR; };
		DBF15BC82471CAB7004AA972 /* NetworkExtension.framework */ = {isa = PBXFileReference; lastKnownFileType = wrapper.framework; name = NetworkExtension.framework; path = System/Library/Frameworks/NetworkExtension.framework; sourceTree = SDKROOT; };
/* End PBXFileReference section */

/* Begin PBXFileSystemSynchronizedBuildFileExceptionSet section */
		D8BBDE223074CFDE00101A2D /* PBXFileSystemSynchronizedBuildFileExceptionSet */ = {
			isa = PBXFileSystemSynchronizedBuildFileExceptionSet;
			membershipExceptions = (
				"Data/National Rail/stations.json",
				Info.plist,
			);
			target = DBCA98782143E2920084B710 /* StatusPanel */;
		};
/* End PBXFileSystemSynchronizedBuildFileExceptionSet section */

/* Begin PBXFileSystemSynchronizedRootGroup section */
		D8BBDDAF3074CFDD00101A2D /* StatusPanel */ = {isa = PBXFileSystemSynchronizedRootGroup; exceptions = (D8BBDE223074CFDE00101A2D /* PBXFileSystemSynchronizedBuildFileExceptionSet */, ); explicitFileTypes = {}; explicitFolders = (fonts, ); path = StatusPanel; sourceTree = "<group>"; };
/* End PBXFileSystemSynchronizedRootGroup section */

/* Begin PBXFrameworksBuildPhase section */
		D89FF2312721037B0028EC16 /* Frameworks */ = {
			isa = PBXFrameworksBuildPhase;
			buildActionMask = 2147483647;
			files = (
			);
			runOnlyForDeploymentPostprocessing = 0;
		};
		DBCA98762143E2920084B710 /* Frameworks */ = {
			isa = PBXFrameworksBuildPhase;
			buildActionMask = 2147483647;
			files = (
				D8CD32D32471D0AA00D82722 /* ExternalAccessory.framework in Frameworks */,
				D81DE20326E19F9200504703 /* Clibsodium in Frameworks */,
				D8A9B1482A043C0600D306F8 /* AVFoundation.framework in Frameworks */,
				D87439032730C3E400B676A5 /* Diligence in Frameworks */,
				D835EC982471D811003E402E /* NetworkExtension.framework in Frameworks */,
				D8EED7F12630EF19009E2166 /* Sodium in Frameworks */,
			);
			runOnlyForDeploymentPostprocessing = 0;
		};
/* End PBXFrameworksBuildPhase section */

/* Begin PBXGroup section */
		D87439002730C3A100B676A5 /* Packages */ = {
			isa = PBXGroup;
			children = (
				D83C4C4E3074F60900F26138 /* StatusPanelCore */,
			);
			name = Packages;
			sourceTree = "<group>";
		};
		D89FF2352721037B0028EC16 /* StatusPanelTests */ = {
			isa = PBXGroup;
			children = (
				D89FF2362721037B0028EC16 /* ExternalOperationTests.swift */,
			);
			path = StatusPanelTests;
			sourceTree = "<group>";
		};
		DBB2D354217C9AC3009F7549 /* Frameworks */ = {
			isa = PBXGroup;
			children = (
				D8A9B1472A043C0500D306F8 /* AVFoundation.framework */,
				D835EC972471D811003E402E /* NetworkExtension.framework */,
				D8CD32D22471D0AA00D82722 /* ExternalAccessory.framework */,
				DBF15BC82471CAB7004AA972 /* NetworkExtension.framework */,
			);
			name = Frameworks;
			sourceTree = "<group>";
		};
		DBCA98702143E2920084B710 = {
			isa = PBXGroup;
			children = (
				D87439002730C3A100B676A5 /* Packages */,
				D8DC8D7F26E1ADAF004B081D /* Common.xcconfig */,
				D8DC8D7E26E1ADAF004B081D /* Debug.xcconfig */,
				D8DC8D8026E1ADAF004B081D /* Release.xcconfig */,
				D8BBDDAF3074CFDD00101A2D /* StatusPanel */,
				D89FF2352721037B0028EC16 /* StatusPanelTests */,
				DBB2D354217C9AC3009F7549 /* Frameworks */,
				DBCA98792143E2920084B710 /* StatusPanel.app */,
				D83C4B513074F5DD00F26138 /* StatusPanelTests.xctest */,
			);
			sourceTree = "<group>";
		};
/* End PBXGroup section */

/* Begin PBXNativeTarget section */
		D89FF2332721037B0028EC16 /* StatusPanelTests */ = {
			isa = PBXNativeTarget;
			buildConfigurationList = D89FF23C2721037B0028EC16 /* Build configuration list for PBXNativeTarget "StatusPanelTests" */;
			buildPhases = (
				D89FF2302721037B0028EC16 /* Sources */,
				D89FF2312721037B0028EC16 /* Frameworks */,
				D89FF2322721037B0028EC16 /* Resources */,
			);
			buildRules = (
			);
			dependencies = (
				D89FF2392721037B0028EC16 /* PBXTargetDependency */,
			);
			name = StatusPanelTests;
			productName = StatusPanelTests;
			productReference = D83C4B513074F5DD00F26138 /* StatusPanelTests.xctest */;
			productType = "com.apple.product-type.bundle.unit-test";
		};
		DBCA98782143E2920084B710 /* StatusPanel */ = {
			isa = PBXNativeTarget;
			buildConfigurationList = DBCA988B2143E2920084B710 /* Build configuration list for PBXNativeTarget "StatusPanel" */;
			buildPhases = (
				DBCA98752143E2920084B710 /* Sources */,
				DBCA98762143E2920084B710 /* Frameworks */,
				DBCA98772143E2920084B710 /* Resources */,
				D8EED7EE2630EE8F009E2166 /* Embed Frameworks */,
			);
			buildRules = (
			);
			dependencies = (
			);
			fileSystemSynchronizedGroups = (
				D8BBDDAF3074CFDD00101A2D /* StatusPanel */,
			);
			name = StatusPanel;
			packageProductDependencies = (
				D8EED7F02630EF19009E2166 /* Sodium */,
				D81DE20226E19F9200504703 /* Clibsodium */,
				D87439022730C3E400B676A5 /* Diligence */,
			);
			productName = StatusPanel;
			productReference = DBCA98792143E2920084B710 /* StatusPanel.app */;
			productType = "com.apple.product-type.application";
		};
/* End PBXNativeTarget section */

/* Begin PBXProject section */
		DBCA98712143E2920084B710 /* Project object */ = {
			isa = PBXProject;
			attributes = {
				BuildIndependentTargetsInParallel = YES;
				LastSwiftUpdateCheck = 1300;
				LastUpgradeCheck = 1430;
				ORGANIZATIONNAME = "Tom Sutcliffe";
				TargetAttributes = {
					D89FF2332721037B0028EC16 = {
						CreatedOnToolsVersion = 13.0;
						TestTargetID = DBCA98782143E2920084B710;
					};
					DBCA98782143E2920084B710 = {
						CreatedOnToolsVersion = 9.2;
						LastSwiftMigration = 1140;
						SystemCapabilities = {
							com.apple.BackgroundModes = {
								enabled = 1;
							};
							com.apple.Push = {
								enabled = 1;
							};
						};
					};
				};
			};
			buildConfigurationList = DBCA98742143E2920084B710 /* Build configuration list for PBXProject "StatusPanel" */;
			compatibilityVersion = "Xcode 8.0";
			developmentRegion = en;
			hasScannedForEncodings = 0;
			knownRegions = (
				en,
				Base,
				"en-GB",
			);
			mainGroup = DBCA98702143E2920084B710;
			productRefGroup = DBCA98702143E2920084B710;
			projectDirPath = "";
			projectRoot = "";
			targets = (
				DBCA98782143E2920084B710 /* StatusPanel */,
				D89FF2332721037B0028EC16 /* StatusPanelTests */,
			);
		};
/* End PBXProject section */

/* Begin PBXResourcesBuildPhase section */
		D89FF2322721037B0028EC16 /* Resources */ = {
			isa = PBXResourcesBuildPhase;
			buildActionMask = 2147483647;
			files = (
			);
			runOnlyForDeploymentPostprocessing = 0;
		};
		DBCA98772143E2920084B710 /* Resources */ = {
			isa = PBXResourcesBuildPhase;
			buildActionMask = 2147483647;
			files = (
			);
			runOnlyForDeploymentPostprocessing = 0;
		};
/* End PBXResourcesBuildPhase section */

/* Begin PBXSourcesBuildPhase section */
		D89FF2302721037B0028EC16 /* Sources */ = {
			isa = PBXSourcesBuildPhase;
			buildActionMask = 2147483647;
			files = (
				D89FF2372721037B0028EC16 /* ExternalOperationTests.swift in Sources */,
			);
			runOnlyForDeploymentPostprocessing = 0;
		};
		DBCA98752143E2920084B710 /* Sources */ = {
			isa = PBXSourcesBuildPhase;
			buildActionMask = 2147483647;
			files = (
			);
			runOnlyForDeploymentPostprocessing = 0;
		};
/* End PBXSourcesBuildPhase section */

/* Begin PBXTargetDependency section */
		D89FF2392721037B0028EC16 /* PBXTargetDependency */ = {
			isa = PBXTargetDependency;
			target = DBCA98782143E2920084B710 /* StatusPanel */;
			targetProxy = D89FF2382721037B0028EC16 /* PBXContainerItemProxy */;
		};
/* End PBXTargetDependency section */

/* Begin XCBuildConfiguration section */
		D89FF23A2721037B0028EC16 /* Debug */ = {
			isa = XCBuildConfiguration;
			buildSettings = {
				BUNDLE_LOADER = "$(TEST_HOST)";
				CLANG_CXX_LANGUAGE_STANDARD = "gnu++17";
				CLANG_ENABLE_OBJC_WEAK = YES;
				CODE_SIGN_STYLE = Automatic;
				CURRENT_PROJECT_VERSION = 1;
				DEVELOPMENT_TEAM = S4WXAUZQEV;
				GENERATE_INFOPLIST_FILE = YES;
				LD_RUNPATH_SEARCH_PATHS = (
					"$(inherited)",
					"@executable_path/Frameworks",
					"@loader_path/Frameworks",
				);
				MARKETING_VERSION = 1.0;
				MTL_ENABLE_DEBUG_INFO = INCLUDE_SOURCE;
				MTL_FAST_MATH = YES;
				PRODUCT_BUNDLE_IDENTIFIER = uk.co.inseven.StatusPanelTests;
				PRODUCT_NAME = "$(TARGET_NAME)";
				SWIFT_EMIT_LOC_STRINGS = NO;
				SWIFT_VERSION = 5.0;
				TARGETED_DEVICE_FAMILY = "1,2";
				TEST_HOST = "$(BUILT_PRODUCTS_DIR)/StatusPanel.app/StatusPanel";
			};
			name = Debug;
		};
		D89FF23B2721037B0028EC16 /* Release */ = {
			isa = XCBuildConfiguration;
			buildSettings = {
				BUNDLE_LOADER = "$(TEST_HOST)";
				CLANG_CXX_LANGUAGE_STANDARD = "gnu++17";
				CLANG_ENABLE_OBJC_WEAK = YES;
				CODE_SIGN_STYLE = Automatic;
				CURRENT_PROJECT_VERSION = 1;
				DEVELOPMENT_TEAM = S4WXAUZQEV;
				GENERATE_INFOPLIST_FILE = YES;
				LD_RUNPATH_SEARCH_PATHS = (
					"$(inherited)",
					"@executable_path/Frameworks",
					"@loader_path/Frameworks",
				);
				MARKETING_VERSION = 1.0;
				MTL_FAST_MATH = YES;
				PRODUCT_BUNDLE_IDENTIFIER = uk.co.inseven.StatusPanelTests;
				PRODUCT_NAME = "$(TARGET_NAME)";
				SWIFT_EMIT_LOC_STRINGS = NO;
				SWIFT_VERSION = 5.0;
				TARGETED_DEVICE_FAMILY = "1,2";
				TEST_HOST = "$(BUILT_PRODUCTS_DIR)/StatusPanel.app/StatusPanel";
			};
			name = Release;
		};
		DBCA98892143E2920084B710 /* Debug */ = {
			isa = XCBuildConfiguration;
			baseConfigurationReference = D8DC8D7E26E1ADAF004B081D /* Debug.xcconfig */;
			buildSettings = {
				ALWAYS_SEARCH_USER_PATHS = NO;
				CLANG_ANALYZER_LOCALIZABILITY_NONLOCALIZED = YES;
				CLANG_ANALYZER_NONNULL = YES;
				CLANG_ANALYZER_NUMBER_OBJECT_CONVERSION = YES_AGGRESSIVE;
				CLANG_CXX_LANGUAGE_STANDARD = "gnu++14";
				CLANG_CXX_LIBRARY = "libc++";
				CLANG_ENABLE_MODULES = YES;
				CLANG_ENABLE_OBJC_ARC = YES;
				CLANG_WARN_BLOCK_CAPTURE_AUTORELEASING = YES;
				CLANG_WARN_BOOL_CONVERSION = YES;
				CLANG_WARN_COMMA = YES;
				CLANG_WARN_CONSTANT_CONVERSION = YES;
				CLANG_WARN_DEPRECATED_OBJC_IMPLEMENTATIONS = YES;
				CLANG_WARN_DIRECT_OBJC_ISA_USAGE = YES_ERROR;
				CLANG_WARN_DOCUMENTATION_COMMENTS = YES;
				CLANG_WARN_EMPTY_BODY = YES;
				CLANG_WARN_ENUM_CONVERSION = YES;
				CLANG_WARN_INFINITE_RECURSION = YES;
				CLANG_WARN_INT_CONVERSION = YES;
				CLANG_WARN_NON_LITERAL_NULL_CONVERSION = YES;
				CLANG_WARN_OBJC_IMPLICIT_RETAIN_SELF = YES;
				CLANG_WARN_OBJC_LITERAL_CONVERSION = YES;
				CLANG_WARN_OBJC_ROOT_CLASS = YES_ERROR;
				CLANG_WARN_QUOTED_INCLUDE_IN_FRAMEWORK_HEADER = YES;
				CLANG_WARN_RANGE_LOOP_ANALYSIS = YES;
				CLANG_WARN_STRICT_PROTOTYPES = YES;
				CLANG_WARN_SUSPICIOUS_MOVE = YES;
				CLANG_WARN_UNGUARDED_AVAILABILITY = YES_AGGRESSIVE;
				CLANG_WARN_UNREACHABLE_CODE = YES;
				CLANG_WARN__DUPLICATE_METHOD_MATCH = YES;
				CODE_SIGN_IDENTITY = "iPhone Developer";
				COPY_PHASE_STRIP = NO;
				DEBUG_INFORMATION_FORMAT = dwarf;
				ENABLE_STRICT_OBJC_MSGSEND = YES;
				ENABLE_TESTABILITY = YES;
				GCC_C_LANGUAGE_STANDARD = gnu11;
				GCC_DYNAMIC_NO_PIC = NO;
				GCC_NO_COMMON_BLOCKS = YES;
				GCC_OPTIMIZATION_LEVEL = 0;
				GCC_PREPROCESSOR_DEFINITIONS = (
					"DEBUG=1",
					"$(inherited)",
				);
				GCC_TREAT_WARNINGS_AS_ERRORS = YES;
				GCC_WARN_64_TO_32_BIT_CONVERSION = YES;
				GCC_WARN_ABOUT_RETURN_TYPE = YES_ERROR;
				GCC_WARN_UNDECLARED_SELECTOR = YES;
				GCC_WARN_UNINITIALIZED_AUTOS = YES_AGGRESSIVE;
				GCC_WARN_UNUSED_FUNCTION = YES;
				GCC_WARN_UNUSED_VARIABLE = YES;
				IPHONEOS_DEPLOYMENT_TARGET = 16.0;
				MTL_ENABLE_DEBUG_INFO = YES;
				ONLY_ACTIVE_ARCH = YES;
				SDKROOT = iphoneos;
				SWIFT_ACTIVE_COMPILATION_CONDITIONS = DEBUG;
				SWIFT_OPTIMIZATION_LEVEL = "-Onone";
				SWIFT_TREAT_WARNINGS_AS_ERRORS = YES;
			};
			name = Debug;
		};
		DBCA988A2143E2920084B710 /* Release */ = {
			isa = XCBuildConfiguration;
			baseConfigurationReference = D8DC8D8026E1ADAF004B081D /* Release.xcconfig */;
			buildSettings = {
				ALWAYS_SEARCH_USER_PATHS = NO;
				CLANG_ANALYZER_LOCALIZABILITY_NONLOCALIZED = YES;
				CLANG_ANALYZER_NONNULL = YES;
				CLANG_ANALYZER_NUMBER_OBJECT_CONVERSION = YES_AGGRESSIVE;
				CLANG_CXX_LANGUAGE_STANDARD = "gnu++14";
				CLANG_CXX_LIBRARY = "libc++";
				CLANG_ENABLE_MODULES = YES;
				CLANG_ENABLE_OBJC_ARC = YES;
				CLANG_WARN_BLOCK_CAPTURE_AUTORELEASING = YES;
				CLANG_WARN_BOOL_CONVERSION = YES;
				CLANG_WARN_COMMA = YES;
				CLANG_WARN_CONSTANT_CONVERSION = YES;
				CLANG_WARN_DEPRECATED_OBJC_IMPLEMENTATIONS = YES;
				CLANG_WARN_DIRECT_OBJC_ISA_USAGE = YES_ERROR;
				CLANG_WARN_DOCUMENTATION_COMMENTS = YES;
				CLANG_WARN_EMPTY_BODY = YES;
				CLANG_WARN_ENUM_CONVERSION = YES;
				CLANG_WARN_INFINITE_RECURSION = YES;
				CLANG_WARN_INT_CONVERSION = YES;
				CLANG_WARN_NON_LITERAL_NULL_CONVERSION = YES;
				CLANG_WARN_OBJC_IMPLICIT_RETAIN_SELF = YES;
				CLANG_WARN_OBJC_LITERAL_CONVERSION = YES;
				CLANG_WARN_OBJC_ROOT_CLASS = YES_ERROR;
				CLANG_WARN_QUOTED_INCLUDE_IN_FRAMEWORK_HEADER = YES;
				CLANG_WARN_RANGE_LOOP_ANALYSIS = YES;
				CLANG_WARN_STRICT_PROTOTYPES = YES;
				CLANG_WARN_SUSPICIOUS_MOVE = YES;
				CLANG_WARN_UNGUARDED_AVAILABILITY = YES_AGGRESSIVE;
				CLANG_WARN_UNREACHABLE_CODE = YES;
				CLANG_WARN__DUPLICATE_METHOD_MATCH = YES;
				CODE_SIGN_IDENTITY = "iPhone Developer";
				COPY_PHASE_STRIP = NO;
				DEBUG_INFORMATION_FORMAT = "dwarf-with-dsym";
				ENABLE_NS_ASSERTIONS = NO;
				ENABLE_STRICT_OBJC_MSGSEND = YES;
				GCC_C_LANGUAGE_STANDARD = gnu11;
				GCC_NO_COMMON_BLOCKS = YES;
				GCC_TREAT_WARNINGS_AS_ERRORS = YES;
				GCC_WARN_64_TO_32_BIT_CONVERSION = YES;
				GCC_WARN_ABOUT_RETURN_TYPE = YES_ERROR;
				GCC_WARN_UNDECLARED_SELECTOR = YES;
				GCC_WARN_UNINITIALIZED_AUTOS = YES_AGGRESSIVE;
				GCC_WARN_UNUSED_FUNCTION = YES;
				GCC_WARN_UNUSED_VARIABLE = YES;
				IPHONEOS_DEPLOYMENT_TARGET = 16.0;
				MTL_ENABLE_DEBUG_INFO = NO;
				SDKROOT = iphoneos;
				SWIFT_COMPILATION_MODE = wholemodule;
				SWIFT_OPTIMIZATION_LEVEL = "-O";
				SWIFT_TREAT_WARNINGS_AS_ERRORS = YES;
				VALIDATE_PRODUCT = YES;
			};
			name = Release;
		};
		DBCA988C2143E2920084B710 /* Debug */ = {
			isa = XCBuildConfiguration;
			buildSettings = {
				ASSETCATALOG_COMPILER_APPICON_NAME = AppIcon;
				ASSETCATALOG_COMPILER_GLOBAL_ACCENT_COLOR_NAME = TintColor;
				CLANG_ENABLE_MODULES = YES;
				CODE_SIGN_ENTITLEMENTS = StatusPanel/StatusPanel.entitlements;
				CODE_SIGN_IDENTITY = "Apple Development";
				CODE_SIGN_STYLE = Automatic;
				CURRENT_PROJECT_VERSION = $BUILD_NUMBER;
				DEVELOPMENT_TEAM = QS82QFHKWB;
				INFOPLIST_FILE = StatusPanel/Info.plist;
				INFOPLIST_KEY_LSApplicationCategoryType = "public.app-category.productivity";
				LD_RUNPATH_SEARCH_PATHS = (
					"$(inherited)",
					"@executable_path/Frameworks",
				);
				MARKETING_VERSION = 0.0.0;
				PRODUCT_BUNDLE_IDENTIFIER = io.statuspanel.apps.ios;
				PRODUCT_NAME = "$(TARGET_NAME)";
				PROVISIONING_PROFILE_SPECIFIER = "";
				SWIFT_OBJC_BRIDGING_HEADER = "StatusPanel/StatusPanel-Bridging-Header.h";
				SWIFT_OPTIMIZATION_LEVEL = "-Onone";
				SWIFT_VERSION = 5.0;
				TARGETED_DEVICE_FAMILY = "1,2";
			};
			name = Debug;
		};
		DBCA988D2143E2920084B710 /* Release */ = {
			isa = XCBuildConfiguration;
			buildSettings = {
				ASSETCATALOG_COMPILER_APPICON_NAME = AppIcon;
				ASSETCATALOG_COMPILER_GLOBAL_ACCENT_COLOR_NAME = TintColor;
				CLANG_ENABLE_MODULES = YES;
				CODE_SIGN_ENTITLEMENTS = StatusPanel/StatusPanel.entitlements;
				CODE_SIGN_IDENTITY = "iPhone Distribution";
				CODE_SIGN_STYLE = Manual;
				CURRENT_PROJECT_VERSION = $BUILD_NUMBER;
				DEVELOPMENT_TEAM = S4WXAUZQEV;
				"DEVELOPMENT_TEAM[sdk=iphoneos*]" = QS82QFHKWB;
				INFOPLIST_FILE = StatusPanel/Info.plist;
				INFOPLIST_KEY_LSApplicationCategoryType = "public.app-category.productivity";
				LD_RUNPATH_SEARCH_PATHS = (
					"$(inherited)",
					"@executable_path/Frameworks",
				);
				MARKETING_VERSION = 0.0.0;
				PRODUCT_BUNDLE_IDENTIFIER = io.statuspanel.apps.ios;
				PRODUCT_NAME = "$(TARGET_NAME)";
				PROVISIONING_PROFILE_SPECIFIER = "StatusPanel App Store Profile";
				"PROVISIONING_PROFILE_SPECIFIER[sdk=iphoneos*]" = "StatusPanel App Store Profile";
				SWIFT_OBJC_BRIDGING_HEADER = "StatusPanel/StatusPanel-Bridging-Header.h";
				SWIFT_VERSION = 5.0;
				TARGETED_DEVICE_FAMILY = "1,2";
			};
			name = Release;
		};
/* End XCBuildConfiguration section */

/* Begin XCConfigurationList section */
		D89FF23C2721037B0028EC16 /* Build configuration list for PBXNativeTarget "StatusPanelTests" */ = {
			isa = XCConfigurationList;
			buildConfigurations = (
				D89FF23A2721037B0028EC16 /* Debug */,
				D89FF23B2721037B0028EC16 /* Release */,
			);
			defaultConfigurationIsVisible = 0;
			defaultConfigurationName = Release;
		};
		DBCA98742143E2920084B710 /* Build configuration list for PBXProject "StatusPanel" */ = {
			isa = XCConfigurationList;
			buildConfigurations = (
				DBCA98892143E2920084B710 /* Debug */,
				DBCA988A2143E2920084B710 /* Release */,
			);
			defaultConfigurationIsVisible = 0;
			defaultConfigurationName = Release;
		};
		DBCA988B2143E2920084B710 /* Build configuration list for PBXNativeTarget "StatusPanel" */ = {
			isa = XCConfigurationList;
			buildConfigurations = (
				DBCA988C2143E2920084B710 /* Debug */,
				DBCA988D2143E2920084B710 /* Release */,
			);
			defaultConfigurationIsVisible = 0;
			defaultConfigurationName = Release;
		};
/* End XCConfigurationList section */

/* Begin XCSwiftPackageProductDependency section */
		D81DE20226E19F9200504703 /* Clibsodium */ = {
			isa = XCSwiftPackageProductDependency;
			productName = Clibsodium;
		};
		D87439022730C3E400B676A5 /* Diligence */ = {
			isa = XCSwiftPackageProductDependency;
			productName = Diligence;
		};
		D8EED7F02630EF19009E2166 /* Sodium */ = {
			isa = XCSwiftPackageProductDependency;
			productName = Sodium;
		};
/* End XCSwiftPackageProductDependency section */
	};
	rootObject = DBCA98712143E2920084B710 /* Project object */;
}
