// !$*UTF8*$!
{
	archiveVersion = 1;
	classes = {
	};
	objectVersion = 48;
	objects = {

/* Begin PBXBuildFile section */
		D80380AB23E9B6D2002606C7 /* Client.swift in Sources */ = {isa = PBXBuildFile; fileRef = D80380AA23E9B6D2002606C7 /* Client.swift */; };
		D82D0BFF21EC170200B1C753 /* SettingsViewController.swift in Sources */ = {isa = PBXBuildFile; fileRef = D82D0BFE21EC170200B1C753 /* SettingsViewController.swift */; };
		D82D0C0621EC1E8700B1C753 /* CalendarViewController.swift in Sources */ = {isa = PBXBuildFile; fileRef = D82D0C0521EC1E8700B1C753 /* CalendarViewController.swift */; };
		D89CAF1621ABDDA200B4B314 /* Config.swift in Sources */ = {isa = PBXBuildFile; fileRef = D89CAF1021ABDDA200B4B314 /* Config.swift */; };
		DB3E769F2416CD9E000D059A /* DarkModeController.swift in Sources */ = {isa = PBXBuildFile; fileRef = DB3E769E2416CD9E000D059A /* DarkModeController.swift */; };
		DB51C2E321749A2A00F016DB /* JSONRequest.swift in Sources */ = {isa = PBXBuildFile; fileRef = DB51C2E221749A2A00F016DB /* JSONRequest.swift */; };
		DB5E9DA1241562ED009F3807 /* StringUtils.swift in Sources */ = {isa = PBXBuildFile; fileRef = DB5E9DA0241562ED009F3807 /* StringUtils.swift */; };
		DB62F333224F89C200CA5E64 /* StationPickerController.swift in Sources */ = {isa = PBXBuildFile; fileRef = DB62F332224F89C200CA5E64 /* StationPickerController.swift */; };
		DB62F335224FB47A00CA5E64 /* Station.swift in Sources */ = {isa = PBXBuildFile; fileRef = DB62F334224FB47A00CA5E64 /* Station.swift */; };
		DB62F33C224FCEBA00CA5E64 /* NationalRailSettingsController.swift in Sources */ = {isa = PBXBuildFile; fileRef = DB62F33B224FCEBA00CA5E64 /* NationalRailSettingsController.swift */; };
		DB62F33E224FEA4400CA5E64 /* StationsList.swift in Sources */ = {isa = PBXBuildFile; fileRef = DB62F33D224FEA4400CA5E64 /* StationsList.swift */; };
		DB6CE1472413AB4800FF1160 /* BitmapFontLabel.swift in Sources */ = {isa = PBXBuildFile; fileRef = DB6CE1462413AB4800FF1160 /* BitmapFontLabel.swift */; };
		DB87810C223D67B2005AEBD8 /* UpdateTimeController.swift in Sources */ = {isa = PBXBuildFile; fileRef = DB87810B223D67B2005AEBD8 /* UpdateTimeController.swift */; };
		DBB2D35D217CA677009F7549 /* Sodium.framework in Frameworks */ = {isa = PBXBuildFile; fileRef = DBB2D35C217CA677009F7549 /* Sodium.framework */; };
		DBB2D35E217CA677009F7549 /* Sodium.framework in Embed Frameworks */ = {isa = PBXBuildFile; fileRef = DBB2D35C217CA677009F7549 /* Sodium.framework */; settings = {ATTRIBUTES = (CodeSignOnCopy, RemoveHeadersOnCopy, ); }; };
		DBCA987D2143E2920084B710 /* AppDelegate.swift in Sources */ = {isa = PBXBuildFile; fileRef = DBCA987C2143E2920084B710 /* AppDelegate.swift */; };
		DBCA987F2143E2920084B710 /* ViewController.swift in Sources */ = {isa = PBXBuildFile; fileRef = DBCA987E2143E2920084B710 /* ViewController.swift */; };
		DBCA98822143E2920084B710 /* Main.storyboard in Resources */ = {isa = PBXBuildFile; fileRef = DBCA98802143E2920084B710 /* Main.storyboard */; };
		DBCA98842143E2920084B710 /* Assets.xcassets in Resources */ = {isa = PBXBuildFile; fileRef = DBCA98832143E2920084B710 /* Assets.xcassets */; };
		DBCA98872143E2920084B710 /* LaunchScreen.storyboard in Resources */ = {isa = PBXBuildFile; fileRef = DBCA98852143E2920084B710 /* LaunchScreen.storyboard */; };
		DBCA98B12143F2B30084B710 /* TFLDataSource.swift in Sources */ = {isa = PBXBuildFile; fileRef = DBCA98B02143F2B30084B710 /* TFLDataSource.swift */; };
		DBCA98B321440CD90084B710 /* CalendarSource.swift in Sources */ = {isa = PBXBuildFile; fileRef = DBCA98B221440CD90084B710 /* CalendarSource.swift */; };
		DBCA98B52144421F0084B710 /* DataSource.swift in Sources */ = {isa = PBXBuildFile; fileRef = DBCA98B42144421F0084B710 /* DataSource.swift */; };
		DBCA98B7214518EF0084B710 /* DataSourceController.swift in Sources */ = {isa = PBXBuildFile; fileRef = DBCA98B6214518EF0084B710 /* DataSourceController.swift */; };
		DBF15EFD21597808006B0A58 /* NationalRailDataSource.swift in Sources */ = {isa = PBXBuildFile; fileRef = DBF15EFC21597808006B0A58 /* NationalRailDataSource.swift */; };
		DBF15EFF215C1134006B0A58 /* amiga4ever.ttf in Resources */ = {isa = PBXBuildFile; fileRef = DBF15EFE215C1134006B0A58 /* amiga4ever.ttf */; };
		DBF1C554223D519C0080CADE /* TFLSettingsController.swift in Sources */ = {isa = PBXBuildFile; fileRef = DBF1C553223D519C0080CADE /* TFLSettingsController.swift */; };
/* End PBXBuildFile section */

/* Begin PBXContainerItemProxy section */
		D85E118D2196BAC300E535D3 /* PBXContainerItemProxy */ = {
			isa = PBXContainerItemProxy;
			containerPortal = D85E11852196BAC300E535D3 /* Sodium.xcodeproj */;
			proxyType = 2;
			remoteGlobalIDString = 09A943C71A4EB5F500C8A04F;
			remoteInfo = Sodium_iOS;
		};
		D85E118F2196BAC300E535D3 /* PBXContainerItemProxy */ = {
			isa = PBXContainerItemProxy;
			containerPortal = D85E11852196BAC300E535D3 /* Sodium.xcodeproj */;
			proxyType = 2;
			remoteGlobalIDString = 09A943D21A4EB5F500C8A04F;
			remoteInfo = SodiumTests;
		};
		D85E11912196BAC300E535D3 /* PBXContainerItemProxy */ = {
			isa = PBXContainerItemProxy;
			containerPortal = D85E11852196BAC300E535D3 /* Sodium.xcodeproj */;
			proxyType = 2;
			remoteGlobalIDString = 90C75E941AE3571900F1E749;
			remoteInfo = Sodium_OSX;
		};
		D85E11932196BAC300E535D3 /* PBXContainerItemProxy */ = {
			isa = PBXContainerItemProxy;
			containerPortal = D85E11852196BAC300E535D3 /* Sodium.xcodeproj */;
			proxyType = 2;
			remoteGlobalIDString = 901644B61AE36EA700163E3E;
			remoteInfo = "Example iOS";
		};
		D85E11952196BAC300E535D3 /* PBXContainerItemProxy */ = {
			isa = PBXContainerItemProxy;
			containerPortal = D85E11852196BAC300E535D3 /* Sodium.xcodeproj */;
			proxyType = 2;
			remoteGlobalIDString = 901644DC1AE36F2D00163E3E;
			remoteInfo = "Example OSX";
		};
		D8EEB0E323E8CB0900AA9C86 /* PBXContainerItemProxy */ = {
			isa = PBXContainerItemProxy;
			containerPortal = D85E11852196BAC300E535D3 /* Sodium.xcodeproj */;
			proxyType = 2;
			remoteGlobalIDString = D891FE9421642CB40092AA84;
			remoteInfo = Sodium_watchOS;
		};
		D8EEB0E523E8CB0900AA9C86 /* PBXContainerItemProxy */ = {
			isa = PBXContainerItemProxy;
			containerPortal = D85E11852196BAC300E535D3 /* Sodium.xcodeproj */;
			proxyType = 2;
			remoteGlobalIDString = D87D515521647597006D2C03;
			remoteInfo = "Example Watch";
		};
		D8EEB0E723E8CB0900AA9C86 /* PBXContainerItemProxy */ = {
			isa = PBXContainerItemProxy;
			containerPortal = D85E11852196BAC300E535D3 /* Sodium.xcodeproj */;
			proxyType = 2;
			remoteGlobalIDString = D87D516121647598006D2C03;
			remoteInfo = "Example Watch Extension";
		};
/* End PBXContainerItemProxy section */

/* Begin PBXCopyFilesBuildPhase section */
		DBB2D35B217CA122009F7549 /* Embed Frameworks */ = {
			isa = PBXCopyFilesBuildPhase;
			buildActionMask = 2147483647;
			dstPath = "";
			dstSubfolderSpec = 10;
			files = (
				DBB2D35E217CA677009F7549 /* Sodium.framework in Embed Frameworks */,
			);
			name = "Embed Frameworks";
			runOnlyForDeploymentPostprocessing = 0;
		};
/* End PBXCopyFilesBuildPhase section */

/* Begin PBXFileReference section */
		D80380AA23E9B6D2002606C7 /* Client.swift */ = {isa = PBXFileReference; lastKnownFileType = sourcecode.swift; path = Client.swift; sourceTree = "<group>"; };
		D82D0BFE21EC170200B1C753 /* SettingsViewController.swift */ = {isa = PBXFileReference; lastKnownFileType = sourcecode.swift; path = SettingsViewController.swift; sourceTree = "<group>"; };
		D82D0C0521EC1E8700B1C753 /* CalendarViewController.swift */ = {isa = PBXFileReference; lastKnownFileType = sourcecode.swift; path = CalendarViewController.swift; sourceTree = "<group>"; };
		D85E11852196BAC300E535D3 /* Sodium.xcodeproj */ = {isa = PBXFileReference; lastKnownFileType = "wrapper.pb-project"; name = Sodium.xcodeproj; path = "swift-sodium/Sodium.xcodeproj"; sourceTree = "<group>"; };
		D89CAF1021ABDDA200B4B314 /* Config.swift */ = {isa = PBXFileReference; fileEncoding = 4; lastKnownFileType = sourcecode.swift; path = Config.swift; sourceTree = "<group>"; };
		DB3E769E2416CD9E000D059A /* DarkModeController.swift */ = {isa = PBXFileReference; lastKnownFileType = sourcecode.swift; path = DarkModeController.swift; sourceTree = "<group>"; };
		DB51C2E221749A2A00F016DB /* JSONRequest.swift */ = {isa = PBXFileReference; lastKnownFileType = sourcecode.swift; path = JSONRequest.swift; sourceTree = "<group>"; };
		DB5E9DA0241562ED009F3807 /* StringUtils.swift */ = {isa = PBXFileReference; lastKnownFileType = sourcecode.swift; path = StringUtils.swift; sourceTree = "<group>"; };
		DB62F332224F89C200CA5E64 /* StationPickerController.swift */ = {isa = PBXFileReference; lastKnownFileType = sourcecode.swift; path = StationPickerController.swift; sourceTree = "<group>"; };
		DB62F334224FB47A00CA5E64 /* Station.swift */ = {isa = PBXFileReference; lastKnownFileType = sourcecode.swift; path = Station.swift; sourceTree = "<group>"; };
		DB62F33A224FC66E00CA5E64 /* stations.json */ = {isa = PBXFileReference; lastKnownFileType = text.json; name = stations.json; path = Assets.xcassets/NationalRailStations.dataset/stations.json; sourceTree = "<group>"; };
		DB62F33B224FCEBA00CA5E64 /* NationalRailSettingsController.swift */ = {isa = PBXFileReference; lastKnownFileType = sourcecode.swift; path = NationalRailSettingsController.swift; sourceTree = "<group>"; };
		DB62F33D224FEA4400CA5E64 /* StationsList.swift */ = {isa = PBXFileReference; lastKnownFileType = sourcecode.swift; path = StationsList.swift; sourceTree = "<group>"; };
		DB62F33F2258FD6100CA5E64 /* StatusPanel.entitlements */ = {isa = PBXFileReference; lastKnownFileType = text.plist.entitlements; path = StatusPanel.entitlements; sourceTree = "<group>"; };
		DB6CE1462413AB4800FF1160 /* BitmapFontLabel.swift */ = {isa = PBXFileReference; lastKnownFileType = sourcecode.swift; path = BitmapFontLabel.swift; sourceTree = "<group>"; };
		DB87810B223D67B2005AEBD8 /* UpdateTimeController.swift */ = {isa = PBXFileReference; lastKnownFileType = sourcecode.swift; path = UpdateTimeController.swift; sourceTree = "<group>"; };
		DBB2D35C217CA677009F7549 /* Sodium.framework */ = {isa = PBXFileReference; explicitFileType = wrapper.framework; path = Sodium.framework; sourceTree = BUILT_PRODUCTS_DIR; };
		DBCA98792143E2920084B710 /* StatusPanel.app */ = {isa = PBXFileReference; explicitFileType = wrapper.application; includeInIndex = 0; path = StatusPanel.app; sourceTree = BUILT_PRODUCTS_DIR; };
		DBCA987C2143E2920084B710 /* AppDelegate.swift */ = {isa = PBXFileReference; lastKnownFileType = sourcecode.swift; path = AppDelegate.swift; sourceTree = "<group>"; };
		DBCA987E2143E2920084B710 /* ViewController.swift */ = {isa = PBXFileReference; lastKnownFileType = sourcecode.swift; path = ViewController.swift; sourceTree = "<group>"; };
		DBCA98812143E2920084B710 /* Base */ = {isa = PBXFileReference; lastKnownFileType = file.storyboard; name = Base; path = Base.lproj/Main.storyboard; sourceTree = "<group>"; };
		DBCA98832143E2920084B710 /* Assets.xcassets */ = {isa = PBXFileReference; lastKnownFileType = folder.assetcatalog; path = Assets.xcassets; sourceTree = "<group>"; };
		DBCA98862143E2920084B710 /* Base */ = {isa = PBXFileReference; lastKnownFileType = file.storyboard; name = Base; path = Base.lproj/LaunchScreen.storyboard; sourceTree = "<group>"; };
		DBCA98882143E2920084B710 /* Info.plist */ = {isa = PBXFileReference; lastKnownFileType = text.plist.xml; path = Info.plist; sourceTree = "<group>"; };
		DBCA98B02143F2B30084B710 /* TFLDataSource.swift */ = {isa = PBXFileReference; lastKnownFileType = sourcecode.swift; path = TFLDataSource.swift; sourceTree = "<group>"; };
		DBCA98B221440CD90084B710 /* CalendarSource.swift */ = {isa = PBXFileReference; lastKnownFileType = sourcecode.swift; path = CalendarSource.swift; sourceTree = "<group>"; };
		DBCA98B42144421F0084B710 /* DataSource.swift */ = {isa = PBXFileReference; lastKnownFileType = sourcecode.swift; path = DataSource.swift; sourceTree = "<group>"; };
		DBCA98B6214518EF0084B710 /* DataSourceController.swift */ = {isa = PBXFileReference; lastKnownFileType = sourcecode.swift; path = DataSourceController.swift; sourceTree = "<group>"; };
		DBF15EFC21597808006B0A58 /* NationalRailDataSource.swift */ = {isa = PBXFileReference; lastKnownFileType = sourcecode.swift; path = NationalRailDataSource.swift; sourceTree = "<group>"; };
		DBF15EFE215C1134006B0A58 /* amiga4ever.ttf */ = {isa = PBXFileReference; lastKnownFileType = file; path = amiga4ever.ttf; sourceTree = "<group>"; };
		DBF1C553223D519C0080CADE /* TFLSettingsController.swift */ = {isa = PBXFileReference; lastKnownFileType = sourcecode.swift; path = TFLSettingsController.swift; sourceTree = "<group>"; };
/* End PBXFileReference section */

/* Begin PBXFrameworksBuildPhase section */
		DBCA98762143E2920084B710 /* Frameworks */ = {
			isa = PBXFrameworksBuildPhase;
			buildActionMask = 2147483647;
			files = (
				DBB2D35D217CA677009F7549 /* Sodium.framework in Frameworks */,
			);
			runOnlyForDeploymentPostprocessing = 0;
		};
/* End PBXFrameworksBuildPhase section */

/* Begin PBXGroup section */
		D85E11862196BAC300E535D3 /* Products */ = {
			isa = PBXGroup;
			children = (
				D85E118E2196BAC300E535D3 /* Sodium.framework */,
				D85E11902196BAC300E535D3 /* SodiumTests.xctest */,
				D85E11922196BAC300E535D3 /* Sodium.framework */,
				D8EEB0E423E8CB0900AA9C86 /* Sodium.framework */,
				D85E11942196BAC300E535D3 /* Example iOS.app */,
				D85E11962196BAC300E535D3 /* Example OSX.app */,
				D8EEB0E623E8CB0900AA9C86 /* Example Watch.app */,
				D8EEB0E823E8CB0900AA9C86 /* Example Watch Extension.appex */,
			);
			name = Products;
			sourceTree = "<group>";
		};
		DB62F32F224F88F300CA5E64 /* TFL */ = {
			isa = PBXGroup;
			children = (
				DBCA98B02143F2B30084B710 /* TFLDataSource.swift */,
				DBF1C553223D519C0080CADE /* TFLSettingsController.swift */,
			);
			name = TFL;
			sourceTree = "<group>";
		};
		DB62F330224F892A00CA5E64 /* Calendar */ = {
			isa = PBXGroup;
			children = (
				DBCA98B221440CD90084B710 /* CalendarSource.swift */,
				D82D0C0521EC1E8700B1C753 /* CalendarViewController.swift */,
			);
			name = Calendar;
			sourceTree = "<group>";
		};
		DB62F331224F895F00CA5E64 /* National Rail */ = {
			isa = PBXGroup;
			children = (
				DBF15EFC21597808006B0A58 /* NationalRailDataSource.swift */,
				DB62F33B224FCEBA00CA5E64 /* NationalRailSettingsController.swift */,
				DB62F332224F89C200CA5E64 /* StationPickerController.swift */,
				DB62F334224FB47A00CA5E64 /* Station.swift */,
				DB62F33A224FC66E00CA5E64 /* stations.json */,
				DB62F33D224FEA4400CA5E64 /* StationsList.swift */,
			);
			name = "National Rail";
			sourceTree = "<group>";
		};
		DBB2D354217C9AC3009F7549 /* Frameworks */ = {
			isa = PBXGroup;
			children = (
			);
			name = Frameworks;
			sourceTree = "<group>";
		};
		DBCA98702143E2920084B710 = {
			isa = PBXGroup;
			children = (
				D85E11852196BAC300E535D3 /* Sodium.xcodeproj */,
				DBCA987B2143E2920084B710 /* StatusPanel */,
				DBB2D354217C9AC3009F7549 /* Frameworks */,
				DBB2D35C217CA677009F7549 /* Sodium.framework */,
			);
			sourceTree = "<group>";
		};
		DBCA987A2143E2920084B710 /* Products */ = {
			isa = PBXGroup;
			children = (
				DBCA98792143E2920084B710 /* StatusPanel.app */,
			);
			name = Products;
			path = ..;
			sourceTree = "<group>";
		};
		DBCA987B2143E2920084B710 /* StatusPanel */ = {
			isa = PBXGroup;
			children = (
				DB62F33F2258FD6100CA5E64 /* StatusPanel.entitlements */,
				DB6CE1462413AB4800FF1160 /* BitmapFontLabel.swift */,
				D89CAF1021ABDDA200B4B314 /* Config.swift */,
				DBF15EFE215C1134006B0A58 /* amiga4ever.ttf */,
				DBCA987C2143E2920084B710 /* AppDelegate.swift */,
				DBCA987E2143E2920084B710 /* ViewController.swift */,
				DBCA98802143E2920084B710 /* Main.storyboard */,
				DBCA98832143E2920084B710 /* Assets.xcassets */,
				DBCA98852143E2920084B710 /* LaunchScreen.storyboard */,
				DBCA98882143E2920084B710 /* Info.plist */,
				DBCA98B42144421F0084B710 /* DataSource.swift */,
				DBCA98B6214518EF0084B710 /* DataSourceController.swift */,
				DB51C2E221749A2A00F016DB /* JSONRequest.swift */,
				D82D0BFE21EC170200B1C753 /* SettingsViewController.swift */,
				DB5E9DA0241562ED009F3807 /* StringUtils.swift */,
				DB87810B223D67B2005AEBD8 /* UpdateTimeController.swift */,
				DB3E769E2416CD9E000D059A /* DarkModeController.swift */,
				D80380AA23E9B6D2002606C7 /* Client.swift */,
				DBCA987A2143E2920084B710 /* Products */,
				DB62F330224F892A00CA5E64 /* Calendar */,
				DB62F331224F895F00CA5E64 /* National Rail */,
				DB62F32F224F88F300CA5E64 /* TFL */,
			);
			path = StatusPanel;
			sourceTree = "<group>";
		};
/* End PBXGroup section */

/* Begin PBXNativeTarget section */
		DBCA98782143E2920084B710 /* StatusPanel */ = {
			isa = PBXNativeTarget;
			buildConfigurationList = DBCA988B2143E2920084B710 /* Build configuration list for PBXNativeTarget "StatusPanel" */;
			buildPhases = (
				DBCA98752143E2920084B710 /* Sources */,
				DBCA98762143E2920084B710 /* Frameworks */,
				DBCA98772143E2920084B710 /* Resources */,
				DBB2D35B217CA122009F7549 /* Embed Frameworks */,
			);
			buildRules = (
			);
			dependencies = (
			);
			name = StatusPanel;
			productName = StatusPanel;
			productReference = DBCA98792143E2920084B710 /* StatusPanel.app */;
			productType = "com.apple.product-type.application";
		};
/* End PBXNativeTarget section */

/* Begin PBXProject section */
		DBCA98712143E2920084B710 /* Project object */ = {
			isa = PBXProject;
			attributes = {
				LastSwiftUpdateCheck = 0920;
				LastUpgradeCheck = 0920;
				ORGANIZATIONNAME = "Tom Sutcliffe";
				TargetAttributes = {
					DBCA98782143E2920084B710 = {
						CreatedOnToolsVersion = 9.2;
						ProvisioningStyle = Automatic;
						SystemCapabilities = {
							com.apple.BackgroundModes = {
								enabled = 1;
							};
							com.apple.Push = {
								enabled = 1;
							};
						};
					};
				};
			};
			buildConfigurationList = DBCA98742143E2920084B710 /* Build configuration list for PBXProject "StatusPanel" */;
			compatibilityVersion = "Xcode 8.0";
			developmentRegion = en;
			hasScannedForEncodings = 0;
			knownRegions = (
				en,
				Base,
			);
			mainGroup = DBCA98702143E2920084B710;
			productRefGroup = DBCA987A2143E2920084B710 /* Products */;
			projectDirPath = "";
			projectReferences = (
				{
					ProductGroup = D85E11862196BAC300E535D3 /* Products */;
					ProjectRef = D85E11852196BAC300E535D3 /* Sodium.xcodeproj */;
				},
			);
			projectRoot = "";
			targets = (
				DBCA98782143E2920084B710 /* StatusPanel */,
			);
		};
/* End PBXProject section */

/* Begin PBXReferenceProxy section */
		D85E118E2196BAC300E535D3 /* Sodium.framework */ = {
			isa = PBXReferenceProxy;
			fileType = wrapper.framework;
			path = Sodium.framework;
			remoteRef = D85E118D2196BAC300E535D3 /* PBXContainerItemProxy */;
			sourceTree = BUILT_PRODUCTS_DIR;
		};
		D85E11902196BAC300E535D3 /* SodiumTests.xctest */ = {
			isa = PBXReferenceProxy;
			fileType = wrapper.cfbundle;
			path = SodiumTests.xctest;
			remoteRef = D85E118F2196BAC300E535D3 /* PBXContainerItemProxy */;
			sourceTree = BUILT_PRODUCTS_DIR;
		};
		D85E11922196BAC300E535D3 /* Sodium.framework */ = {
			isa = PBXReferenceProxy;
			fileType = wrapper.framework;
			path = Sodium.framework;
			remoteRef = D85E11912196BAC300E535D3 /* PBXContainerItemProxy */;
			sourceTree = BUILT_PRODUCTS_DIR;
		};
		D85E11942196BAC300E535D3 /* Example iOS.app */ = {
			isa = PBXReferenceProxy;
			fileType = wrapper.application;
			path = "Example iOS.app";
			remoteRef = D85E11932196BAC300E535D3 /* PBXContainerItemProxy */;
			sourceTree = BUILT_PRODUCTS_DIR;
		};
		D85E11962196BAC300E535D3 /* Example OSX.app */ = {
			isa = PBXReferenceProxy;
			fileType = wrapper.application;
			path = "Example OSX.app";
			remoteRef = D85E11952196BAC300E535D3 /* PBXContainerItemProxy */;
			sourceTree = BUILT_PRODUCTS_DIR;
		};
		D8EEB0E423E8CB0900AA9C86 /* Sodium.framework */ = {
			isa = PBXReferenceProxy;
			fileType = wrapper.framework;
			path = Sodium.framework;
			remoteRef = D8EEB0E323E8CB0900AA9C86 /* PBXContainerItemProxy */;
			sourceTree = BUILT_PRODUCTS_DIR;
		};
		D8EEB0E623E8CB0900AA9C86 /* Example Watch.app */ = {
			isa = PBXReferenceProxy;
			fileType = wrapper.application;
			path = "Example Watch.app";
			remoteRef = D8EEB0E523E8CB0900AA9C86 /* PBXContainerItemProxy */;
			sourceTree = BUILT_PRODUCTS_DIR;
		};
		D8EEB0E823E8CB0900AA9C86 /* Example Watch Extension.appex */ = {
			isa = PBXReferenceProxy;
			fileType = "wrapper.app-extension";
			path = "Example Watch Extension.appex";
			remoteRef = D8EEB0E723E8CB0900AA9C86 /* PBXContainerItemProxy */;
			sourceTree = BUILT_PRODUCTS_DIR;
		};
/* End PBXReferenceProxy section */

/* Begin PBXResourcesBuildPhase section */
		DBCA98772143E2920084B710 /* Resources */ = {
			isa = PBXResourcesBuildPhase;
			buildActionMask = 2147483647;
			files = (
				DBCA98872143E2920084B710 /* LaunchScreen.storyboard in Resources */,
				DBCA98842143E2920084B710 /* Assets.xcassets in Resources */,
				DBCA98822143E2920084B710 /* Main.storyboard in Resources */,
				DBF15EFF215C1134006B0A58 /* amiga4ever.ttf in Resources */,
			);
			runOnlyForDeploymentPostprocessing = 0;
		};
/* End PBXResourcesBuildPhase section */

/* Begin PBXSourcesBuildPhase section */
		DBCA98752143E2920084B710 /* Sources */ = {
			isa = PBXSourcesBuildPhase;
			buildActionMask = 2147483647;
			files = (
				DBF15EFD21597808006B0A58 /* NationalRailDataSource.swift in Sources */,
				DB62F335224FB47A00CA5E64 /* Station.swift in Sources */,
				DB62F33C224FCEBA00CA5E64 /* NationalRailSettingsController.swift in Sources */,
				DBF1C554223D519C0080CADE /* TFLSettingsController.swift in Sources */,
				DBCA98B12143F2B30084B710 /* TFLDataSource.swift in Sources */,
				DB6CE1472413AB4800FF1160 /* BitmapFontLabel.swift in Sources */,
				DB87810C223D67B2005AEBD8 /* UpdateTimeController.swift in Sources */,
				DB3E769F2416CD9E000D059A /* DarkModeController.swift in Sources */,
				DB62F33E224FEA4400CA5E64 /* StationsList.swift in Sources */,
				D89CAF1621ABDDA200B4B314 /* Config.swift in Sources */,
				D80380AB23E9B6D2002606C7 /* Client.swift in Sources */,
				D82D0C0621EC1E8700B1C753 /* CalendarViewController.swift in Sources */,
				D82D0BFF21EC170200B1C753 /* SettingsViewController.swift in Sources */,
				DB51C2E321749A2A00F016DB /* JSONRequest.swift in Sources */,
				DBCA987F2143E2920084B710 /* ViewController.swift in Sources */,
				DBCA98B7214518EF0084B710 /* DataSourceController.swift in Sources */,
				DBCA98B321440CD90084B710 /* CalendarSource.swift in Sources */,
				DB5E9DA1241562ED009F3807 /* StringUtils.swift in Sources */,
				DBCA98B52144421F0084B710 /* DataSource.swift in Sources */,
				DB62F333224F89C200CA5E64 /* StationPickerController.swift in Sources */,
				DBCA987D2143E2920084B710 /* AppDelegate.swift in Sources */,
			);
			runOnlyForDeploymentPostprocessing = 0;
		};
/* End PBXSourcesBuildPhase section */

/* Begin PBXVariantGroup section */
		DBCA98802143E2920084B710 /* Main.storyboard */ = {
			isa = PBXVariantGroup;
			children = (
				DBCA98812143E2920084B710 /* Base */,
			);
			name = Main.storyboard;
			sourceTree = "<group>";
		};
		DBCA98852143E2920084B710 /* LaunchScreen.storyboard */ = {
			isa = PBXVariantGroup;
			children = (
				DBCA98862143E2920084B710 /* Base */,
			);
			name = LaunchScreen.storyboard;
			sourceTree = "<group>";
		};
/* End PBXVariantGroup section */

/* Begin XCBuildConfiguration section */
		DBCA98892143E2920084B710 /* Debug */ = {
			isa = XCBuildConfiguration;
			buildSettings = {
				ALWAYS_SEARCH_USER_PATHS = NO;
				CLANG_ANALYZER_NONNULL = YES;
				CLANG_ANALYZER_NUMBER_OBJECT_CONVERSION = YES_AGGRESSIVE;
				CLANG_CXX_LANGUAGE_STANDARD = "gnu++14";
				CLANG_CXX_LIBRARY = "libc++";
				CLANG_ENABLE_MODULES = YES;
				CLANG_ENABLE_OBJC_ARC = YES;
				CLANG_WARN_BLOCK_CAPTURE_AUTORELEASING = YES;
				CLANG_WARN_BOOL_CONVERSION = YES;
				CLANG_WARN_COMMA = YES;
				CLANG_WARN_CONSTANT_CONVERSION = YES;
				CLANG_WARN_DIRECT_OBJC_ISA_USAGE = YES_ERROR;
				CLANG_WARN_DOCUMENTATION_COMMENTS = YES;
				CLANG_WARN_EMPTY_BODY = YES;
				CLANG_WARN_ENUM_CONVERSION = YES;
				CLANG_WARN_INFINITE_RECURSION = YES;
				CLANG_WARN_INT_CONVERSION = YES;
				CLANG_WARN_NON_LITERAL_NULL_CONVERSION = YES;
				CLANG_WARN_OBJC_LITERAL_CONVERSION = YES;
				CLANG_WARN_OBJC_ROOT_CLASS = YES_ERROR;
				CLANG_WARN_RANGE_LOOP_ANALYSIS = YES;
				CLANG_WARN_STRICT_PROTOTYPES = YES;
				CLANG_WARN_SUSPICIOUS_MOVE = YES;
				CLANG_WARN_UNGUARDED_AVAILABILITY = YES_AGGRESSIVE;
				CLANG_WARN_UNREACHABLE_CODE = YES;
				CLANG_WARN__DUPLICATE_METHOD_MATCH = YES;
				CODE_SIGN_IDENTITY = "iPhone Developer";
				COPY_PHASE_STRIP = NO;
				DEBUG_INFORMATION_FORMAT = dwarf;
				ENABLE_STRICT_OBJC_MSGSEND = YES;
				ENABLE_TESTABILITY = YES;
				GCC_C_LANGUAGE_STANDARD = gnu11;
				GCC_DYNAMIC_NO_PIC = NO;
				GCC_NO_COMMON_BLOCKS = YES;
				GCC_OPTIMIZATION_LEVEL = 0;
				GCC_PREPROCESSOR_DEFINITIONS = (
					"DEBUG=1",
					"$(inherited)",
				);
				GCC_WARN_64_TO_32_BIT_CONVERSION = YES;
				GCC_WARN_ABOUT_RETURN_TYPE = YES_ERROR;
				GCC_WARN_UNDECLARED_SELECTOR = YES;
				GCC_WARN_UNINITIALIZED_AUTOS = YES_AGGRESSIVE;
				GCC_WARN_UNUSED_FUNCTION = YES;
				GCC_WARN_UNUSED_VARIABLE = YES;
				IPHONEOS_DEPLOYMENT_TARGET = 11.2;
				MTL_ENABLE_DEBUG_INFO = YES;
				ONLY_ACTIVE_ARCH = YES;
				SDKROOT = iphoneos;
				SWIFT_ACTIVE_COMPILATION_CONDITIONS = DEBUG;
				SWIFT_OPTIMIZATION_LEVEL = "-Onone";
			};
			name = Debug;
		};
		DBCA988A2143E2920084B710 /* Release */ = {
			isa = XCBuildConfiguration;
			buildSettings = {
				ALWAYS_SEARCH_USER_PATHS = NO;
				CLANG_ANALYZER_NONNULL = YES;
				CLANG_ANALYZER_NUMBER_OBJECT_CONVERSION = YES_AGGRESSIVE;
				CLANG_CXX_LANGUAGE_STANDARD = "gnu++14";
				CLANG_CXX_LIBRARY = "libc++";
				CLANG_ENABLE_MODULES = YES;
				CLANG_ENABLE_OBJC_ARC = YES;
				CLANG_WARN_BLOCK_CAPTURE_AUTORELEASING = YES;
				CLANG_WARN_BOOL_CONVERSION = YES;
				CLANG_WARN_COMMA = YES;
				CLANG_WARN_CONSTANT_CONVERSION = YES;
				CLANG_WARN_DIRECT_OBJC_ISA_USAGE = YES_ERROR;
				CLANG_WARN_DOCUMENTATION_COMMENTS = YES;
				CLANG_WARN_EMPTY_BODY = YES;
				CLANG_WARN_ENUM_CONVERSION = YES;
				CLANG_WARN_INFINITE_RECURSION = YES;
				CLANG_WARN_INT_CONVERSION = YES;
				CLANG_WARN_NON_LITERAL_NULL_CONVERSION = YES;
				CLANG_WARN_OBJC_LITERAL_CONVERSION = YES;
				CLANG_WARN_OBJC_ROOT_CLASS = YES_ERROR;
				CLANG_WARN_RANGE_LOOP_ANALYSIS = YES;
				CLANG_WARN_STRICT_PROTOTYPES = YES;
				CLANG_WARN_SUSPICIOUS_MOVE = YES;
				CLANG_WARN_UNGUARDED_AVAILABILITY = YES_AGGRESSIVE;
				CLANG_WARN_UNREACHABLE_CODE = YES;
				CLANG_WARN__DUPLICATE_METHOD_MATCH = YES;
				CODE_SIGN_IDENTITY = "iPhone Developer";
				COPY_PHASE_STRIP = NO;
				DEBUG_INFORMATION_FORMAT = "dwarf-with-dsym";
				ENABLE_NS_ASSERTIONS = NO;
				ENABLE_STRICT_OBJC_MSGSEND = YES;
				GCC_C_LANGUAGE_STANDARD = gnu11;
				GCC_NO_COMMON_BLOCKS = YES;
				GCC_WARN_64_TO_32_BIT_CONVERSION = YES;
				GCC_WARN_ABOUT_RETURN_TYPE = YES_ERROR;
				GCC_WARN_UNDECLARED_SELECTOR = YES;
				GCC_WARN_UNINITIALIZED_AUTOS = YES_AGGRESSIVE;
				GCC_WARN_UNUSED_FUNCTION = YES;
				GCC_WARN_UNUSED_VARIABLE = YES;
				IPHONEOS_DEPLOYMENT_TARGET = 11.2;
				MTL_ENABLE_DEBUG_INFO = NO;
				SDKROOT = iphoneos;
				SWIFT_OPTIMIZATION_LEVEL = "-Owholemodule";
				VALIDATE_PRODUCT = YES;
			};
			name = Release;
		};
		DBCA988C2143E2920084B710 /* Debug */ = {
			isa = XCBuildConfiguration;
			buildSettings = {
				ASSETCATALOG_COMPILER_APPICON_NAME = AppIcon;
				CODE_SIGN_ENTITLEMENTS = StatusPanel/StatusPanel.entitlements;
				CODE_SIGN_STYLE = Automatic;
				CURRENT_PROJECT_VERSION = 10;
				DEVELOPMENT_TEAM = S4WXAUZQEV;
				INFOPLIST_FILE = StatusPanel/Info.plist;
				IPHONEOS_DEPLOYMENT_TARGET = 13.0;
				LD_RUNPATH_SEARCH_PATHS = "$(inherited) @executable_path/Frameworks";
				PRODUCT_BUNDLE_IDENTIFIER = "uk.co.inseven.status-panel";
				PRODUCT_NAME = "$(TARGET_NAME)";
				SWIFT_VERSION = 4.0;
				TARGETED_DEVICE_FAMILY = "1,2";
			};
			name = Debug;
		};
		DBCA988D2143E2920084B710 /* Release */ = {
			isa = XCBuildConfiguration;
			buildSettings = {
				ASSETCATALOG_COMPILER_APPICON_NAME = AppIcon;
				CODE_SIGN_ENTITLEMENTS = StatusPanel/StatusPanel.entitlements;
				CODE_SIGN_STYLE = Automatic;
				CURRENT_PROJECT_VERSION = 10;
				DEVELOPMENT_TEAM = S4WXAUZQEV;
				INFOPLIST_FILE = StatusPanel/Info.plist;
				IPHONEOS_DEPLOYMENT_TARGET = 13.0;
				LD_RUNPATH_SEARCH_PATHS = "$(inherited) @executable_path/Frameworks";
				PRODUCT_BUNDLE_IDENTIFIER = "uk.co.inseven.status-panel";
				PRODUCT_NAME = "$(TARGET_NAME)";
				SWIFT_VERSION = 4.0;
				TARGETED_DEVICE_FAMILY = "1,2";
			};
			name = Release;
		};
/* End XCBuildConfiguration section */

/* Begin XCConfigurationList section */
		DBCA98742143E2920084B710 /* Build configuration list for PBXProject "StatusPanel" */ = {
			isa = XCConfigurationList;
			buildConfigurations = (
				DBCA98892143E2920084B710 /* Debug */,
				DBCA988A2143E2920084B710 /* Release */,
			);
			defaultConfigurationIsVisible = 0;
			defaultConfigurationName = Release;
		};
		DBCA988B2143E2920084B710 /* Build configuration list for PBXNativeTarget "StatusPanel" */ = {
			isa = XCConfigurationList;
			buildConfigurations = (
				DBCA988C2143E2920084B710 /* Debug */,
				DBCA988D2143E2920084B710 /* Release */,
			);
			defaultConfigurationIsVisible = 0;
			defaultConfigurationName = Release;
		};
/* End XCConfigurationList section */
	};
	rootObject = DBCA98712143E2920084B710 /* Project object */;
}
