// !$*UTF8*$!
{
	archiveVersion = 1;
	classes = {
	};
	objectVersion = 48;
	objects = {

/* Begin PBXBuildFile section */
		DBCA987D2143E2920084B710 /* AppDelegate.swift in Sources */ = {isa = PBXBuildFile; fileRef = DBCA987C2143E2920084B710 /* AppDelegate.swift */; };
		DBCA987F2143E2920084B710 /* ViewController.swift in Sources */ = {isa = PBXBuildFile; fileRef = DBCA987E2143E2920084B710 /* ViewController.swift */; };
		DBCA98822143E2920084B710 /* Main.storyboard in Resources */ = {isa = PBXBuildFile; fileRef = DBCA98802143E2920084B710 /* Main.storyboard */; };
		DBCA98842143E2920084B710 /* Assets.xcassets in Resources */ = {isa = PBXBuildFile; fileRef = DBCA98832143E2920084B710 /* Assets.xcassets */; };
		DBCA98872143E2920084B710 /* LaunchScreen.storyboard in Resources */ = {isa = PBXBuildFile; fileRef = DBCA98852143E2920084B710 /* LaunchScreen.storyboard */; };
		DBCA98B12143F2B30084B710 /* TFLApi.swift in Sources */ = {isa = PBXBuildFile; fileRef = DBCA98B02143F2B30084B710 /* TFLApi.swift */; };
		DBCA98B321440CD90084B710 /* CalendarSource.swift in Sources */ = {isa = PBXBuildFile; fileRef = DBCA98B221440CD90084B710 /* CalendarSource.swift */; };
/* End PBXBuildFile section */

/* Begin PBXFileReference section */
		DBCA98792143E2920084B710 /* StatusPanel.app */ = {isa = PBXFileReference; explicitFileType = wrapper.application; includeInIndex = 0; path = StatusPanel.app; sourceTree = BUILT_PRODUCTS_DIR; };
		DBCA987C2143E2920084B710 /* AppDelegate.swift */ = {isa = PBXFileReference; lastKnownFileType = sourcecode.swift; path = AppDelegate.swift; sourceTree = "<group>"; };
		DBCA987E2143E2920084B710 /* ViewController.swift */ = {isa = PBXFileReference; lastKnownFileType = sourcecode.swift; path = ViewController.swift; sourceTree = "<group>"; };
		DBCA98812143E2920084B710 /* Base */ = {isa = PBXFileReference; lastKnownFileType = file.storyboard; name = Base; path = Base.lproj/Main.storyboard; sourceTree = "<group>"; };
		DBCA98832143E2920084B710 /* Assets.xcassets */ = {isa = PBXFileReference; lastKnownFileType = folder.assetcatalog; path = Assets.xcassets; sourceTree = "<group>"; };
		DBCA98862143E2920084B710 /* Base */ = {isa = PBXFileReference; lastKnownFileType = file.storyboard; name = Base; path = Base.lproj/LaunchScreen.storyboard; sourceTree = "<group>"; };
		DBCA98882143E2920084B710 /* Info.plist */ = {isa = PBXFileReference; lastKnownFileType = text.plist.xml; path = Info.plist; sourceTree = "<group>"; };
		DBCA98B02143F2B30084B710 /* TFLApi.swift */ = {isa = PBXFileReference; lastKnownFileType = sourcecode.swift; path = TFLApi.swift; sourceTree = "<group>"; };
		DBCA98B221440CD90084B710 /* CalendarSource.swift */ = {isa = PBXFileReference; lastKnownFileType = sourcecode.swift; path = CalendarSource.swift; sourceTree = "<group>"; };
/* End PBXFileReference section */

/* Begin PBXFrameworksBuildPhase section */
		DBCA98762143E2920084B710 /* Frameworks */ = {
			isa = PBXFrameworksBuildPhase;
			buildActionMask = 2147483647;
			files = (
			);
			runOnlyForDeploymentPostprocessing = 0;
		};
/* End PBXFrameworksBuildPhase section */

/* Begin PBXGroup section */
		DBCA98702143E2920084B710 = {
			isa = PBXGroup;
			children = (
				DBCA987B2143E2920084B710 /* StatusPanel */,
				DBCA987A2143E2920084B710 /* Products */,
			);
			sourceTree = "<group>";
		};
		DBCA987A2143E2920084B710 /* Products */ = {
			isa = PBXGroup;
			children = (
				DBCA98792143E2920084B710 /* StatusPanel.app */,
			);
			name = Products;
			sourceTree = "<group>";
		};
		DBCA987B2143E2920084B710 /* StatusPanel */ = {
			isa = PBXGroup;
			children = (
				DBCA987C2143E2920084B710 /* AppDelegate.swift */,
				DBCA987E2143E2920084B710 /* ViewController.swift */,
				DBCA98802143E2920084B710 /* Main.storyboard */,
				DBCA98832143E2920084B710 /* Assets.xcassets */,
				DBCA98852143E2920084B710 /* LaunchScreen.storyboard */,
				DBCA98882143E2920084B710 /* Info.plist */,
				DBCA98B02143F2B30084B710 /* TFLApi.swift */,
				DBCA98B221440CD90084B710 /* CalendarSource.swift */,
			);
			path = StatusPanel;
			sourceTree = "<group>";
		};
/* End PBXGroup section */

/* Begin PBXNativeTarget section */
		DBCA98782143E2920084B710 /* StatusPanel */ = {
			isa = PBXNativeTarget;
			buildConfigurationList = DBCA988B2143E2920084B710 /* Build configuration list for PBXNativeTarget "StatusPanel" */;
			buildPhases = (
				DBCA98752143E2920084B710 /* Sources */,
				DBCA98762143E2920084B710 /* Frameworks */,
				DBCA98772143E2920084B710 /* Resources */,
			);
			buildRules = (
			);
			dependencies = (
			);
			name = StatusPanel;
			productName = StatusPanel;
			productReference = DBCA98792143E2920084B710 /* StatusPanel.app */;
			productType = "com.apple.product-type.application";
		};
/* End PBXNativeTarget section */

/* Begin PBXProject section */
		DBCA98712143E2920084B710 /* Project object */ = {
			isa = PBXProject;
			attributes = {
				LastSwiftUpdateCheck = 0920;
				LastUpgradeCheck = 0920;
				ORGANIZATIONNAME = "Tom Sutcliffe";
				TargetAttributes = {
					DBCA98782143E2920084B710 = {
						CreatedOnToolsVersion = 9.2;
						ProvisioningStyle = Automatic;
					};
				};
			};
			buildConfigurationList = DBCA98742143E2920084B710 /* Build configuration list for PBXProject "StatusPanel" */;
			compatibilityVersion = "Xcode 8.0";
			developmentRegion = en;
			hasScannedForEncodings = 0;
			knownRegions = (
				en,
				Base,
			);
			mainGroup = DBCA98702143E2920084B710;
			productRefGroup = DBCA987A2143E2920084B710 /* Products */;
			projectDirPath = "";
			projectRoot = "";
			targets = (
				DBCA98782143E2920084B710 /* StatusPanel */,
			);
		};
/* End PBXProject section */

/* Begin PBXResourcesBuildPhase section */
		DBCA98772143E2920084B710 /* Resources */ = {
			isa = PBXResourcesBuildPhase;
			buildActionMask = 2147483647;
			files = (
				DBCA98872143E2920084B710 /* LaunchScreen.storyboard in Resources */,
				DBCA98842143E2920084B710 /* Assets.xcassets in Resources */,
				DBCA98822143E2920084B710 /* Main.storyboard in Resources */,
			);
			runOnlyForDeploymentPostprocessing = 0;
		};
/* End PBXResourcesBuildPhase section */

/* Begin PBXSourcesBuildPhase section */
		DBCA98752143E2920084B710 /* Sources */ = {
			isa = PBXSourcesBuildPhase;
			buildActionMask = 2147483647;
			files = (
				DBCA98B12143F2B30084B710 /* TFLApi.swift in Sources */,
				DBCA987F2143E2920084B710 /* ViewController.swift in Sources */,
				DBCA98B321440CD90084B710 /* CalendarSource.swift in Sources */,
				DBCA987D2143E2920084B710 /* AppDelegate.swift in Sources */,
			);
			runOnlyForDeploymentPostprocessing = 0;
		};
/* End PBXSourcesBuildPhase section */

/* Begin PBXVariantGroup section */
		DBCA98802143E2920084B710 /* Main.storyboard */ = {
			isa = PBXVariantGroup;
			children = (
				DBCA98812143E2920084B710 /* Base */,
			);
			name = Main.storyboard;
			sourceTree = "<group>";
		};
		DBCA98852143E2920084B710 /* LaunchScreen.storyboard */ = {
			isa = PBXVariantGroup;
			children = (
				DBCA98862143E2920084B710 /* Base */,
			);
			name = LaunchScreen.storyboard;
			sourceTree = "<group>";
		};
/* End PBXVariantGroup section */

/* Begin XCBuildConfiguration section */
		DBCA98892143E2920084B710 /* Debug */ = {
			isa = XCBuildConfiguration;
			buildSettings = {
				ALWAYS_SEARCH_USER_PATHS = NO;
				CLANG_ANALYZER_NONNULL = YES;
				CLANG_ANALYZER_NUMBER_OBJECT_CONVERSION = YES_AGGRESSIVE;
				CLANG_CXX_LANGUAGE_STANDARD = "gnu++14";
				CLANG_CXX_LIBRARY = "libc++";
				CLANG_ENABLE_MODULES = YES;
				CLANG_ENABLE_OBJC_ARC = YES;
				CLANG_WARN_BLOCK_CAPTURE_AUTORELEASING = YES;
				CLANG_WARN_BOOL_CONVERSION = YES;
				CLANG_WARN_COMMA = YES;
				CLANG_WARN_CONSTANT_CONVERSION = YES;
				CLANG_WARN_DIRECT_OBJC_ISA_USAGE = YES_ERROR;
				CLANG_WARN_DOCUMENTATION_COMMENTS = YES;
				CLANG_WARN_EMPTY_BODY = YES;
				CLANG_WARN_ENUM_CONVERSION = YES;
				CLANG_WARN_INFINITE_RECURSION = YES;
				CLANG_WARN_INT_CONVERSION = YES;
				CLANG_WARN_NON_LITERAL_NULL_CONVERSION = YES;
				CLANG_WARN_OBJC_LITERAL_CONVERSION = YES;
				CLANG_WARN_OBJC_ROOT_CLASS = YES_ERROR;
				CLANG_WARN_RANGE_LOOP_ANALYSIS = YES;
				CLANG_WARN_STRICT_PROTOTYPES = YES;
				CLANG_WARN_SUSPICIOUS_MOVE = YES;
				CLANG_WARN_UNGUARDED_AVAILABILITY = YES_AGGRESSIVE;
				CLANG_WARN_UNREACHABLE_CODE = YES;
				CLANG_WARN__DUPLICATE_METHOD_MATCH = YES;
				CODE_SIGN_IDENTITY = "iPhone Developer";
				COPY_PHASE_STRIP = NO;
				DEBUG_INFORMATION_FORMAT = dwarf;
				ENABLE_STRICT_OBJC_MSGSEND = YES;
				ENABLE_TESTABILITY = YES;
				GCC_C_LANGUAGE_STANDARD = gnu11;
				GCC_DYNAMIC_NO_PIC = NO;
				GCC_NO_COMMON_BLOCKS = YES;
				GCC_OPTIMIZATION_LEVEL = 0;
				GCC_PREPROCESSOR_DEFINITIONS = (
					"DEBUG=1",
					"$(inherited)",
				);
				GCC_WARN_64_TO_32_BIT_CONVERSION = YES;
				GCC_WARN_ABOUT_RETURN_TYPE = YES_ERROR;
				GCC_WARN_UNDECLARED_SELECTOR = YES;
				GCC_WARN_UNINITIALIZED_AUTOS = YES_AGGRESSIVE;
				GCC_WARN_UNUSED_FUNCTION = YES;
				GCC_WARN_UNUSED_VARIABLE = YES;
				IPHONEOS_DEPLOYMENT_TARGET = 11.2;
				MTL_ENABLE_DEBUG_INFO = YES;
				ONLY_ACTIVE_ARCH = YES;
				SDKROOT = iphoneos;
				SWIFT_ACTIVE_COMPILATION_CONDITIONS = DEBUG;
				SWIFT_OPTIMIZATION_LEVEL = "-Onone";
			};
			name = Debug;
		};
		DBCA988A2143E2920084B710 /* Release */ = {
			isa = XCBuildConfiguration;
			buildSettings = {
				ALWAYS_SEARCH_USER_PATHS = NO;
				CLANG_ANALYZER_NONNULL = YES;
				CLANG_ANALYZER_NUMBER_OBJECT_CONVERSION = YES_AGGRESSIVE;
				CLANG_CXX_LANGUAGE_STANDARD = "gnu++14";
				CLANG_CXX_LIBRARY = "libc++";
				CLANG_ENABLE_MODULES = YES;
				CLANG_ENABLE_OBJC_ARC = YES;
				CLANG_WARN_BLOCK_CAPTURE_AUTORELEASING = YES;
				CLANG_WARN_BOOL_CONVERSION = YES;
				CLANG_WARN_COMMA = YES;
				CLANG_WARN_CONSTANT_CONVERSION = YES;
				CLANG_WARN_DIRECT_OBJC_ISA_USAGE = YES_ERROR;
				CLANG_WARN_DOCUMENTATION_COMMENTS = YES;
				CLANG_WARN_EMPTY_BODY = YES;
				CLANG_WARN_ENUM_CONVERSION = YES;
				CLANG_WARN_INFINITE_RECURSION = YES;
				CLANG_WARN_INT_CONVERSION = YES;
				CLANG_WARN_NON_LITERAL_NULL_CONVERSION = YES;
				CLANG_WARN_OBJC_LITERAL_CONVERSION = YES;
				CLANG_WARN_OBJC_ROOT_CLASS = YES_ERROR;
				CLANG_WARN_RANGE_LOOP_ANALYSIS = YES;
				CLANG_WARN_STRICT_PROTOTYPES = YES;
				CLANG_WARN_SUSPICIOUS_MOVE = YES;
				CLANG_WARN_UNGUARDED_AVAILABILITY = YES_AGGRESSIVE;
				CLANG_WARN_UNREACHABLE_CODE = YES;
				CLANG_WARN__DUPLICATE_METHOD_MATCH = YES;
				CODE_SIGN_IDENTITY = "iPhone Developer";
				COPY_PHASE_STRIP = NO;
				DEBUG_INFORMATION_FORMAT = "dwarf-with-dsym";
				ENABLE_NS_ASSERTIONS = NO;
				ENABLE_STRICT_OBJC_MSGSEND = YES;
				GCC_C_LANGUAGE_STANDARD = gnu11;
				GCC_NO_COMMON_BLOCKS = YES;
				GCC_WARN_64_TO_32_BIT_CONVERSION = YES;
				GCC_WARN_ABOUT_RETURN_TYPE = YES_ERROR;
				GCC_WARN_UNDECLARED_SELECTOR = YES;
				GCC_WARN_UNINITIALIZED_AUTOS = YES_AGGRESSIVE;
				GCC_WARN_UNUSED_FUNCTION = YES;
				GCC_WARN_UNUSED_VARIABLE = YES;
				IPHONEOS_DEPLOYMENT_TARGET = 11.2;
				MTL_ENABLE_DEBUG_INFO = NO;
				SDKROOT = iphoneos;
				SWIFT_OPTIMIZATION_LEVEL = "-Owholemodule";
				VALIDATE_PRODUCT = YES;
			};
			name = Release;
		};
		DBCA988C2143E2920084B710 /* Debug */ = {
			isa = XCBuildConfiguration;
			buildSettings = {
				ASSETCATALOG_COMPILER_APPICON_NAME = AppIcon;
				CODE_SIGN_STYLE = Automatic;
				DEVELOPMENT_TEAM = ZZZ2575N68;
				INFOPLIST_FILE = StatusPanel/Info.plist;
				LD_RUNPATH_SEARCH_PATHS = "$(inherited) @executable_path/Frameworks";
				PRODUCT_BUNDLE_IDENTIFIER = com.me.tomsci.StatusPanel;
				PRODUCT_NAME = "$(TARGET_NAME)";
				SWIFT_VERSION = 4.0;
				TARGETED_DEVICE_FAMILY = "1,2";
			};
			name = Debug;
		};
		DBCA988D2143E2920084B710 /* Release */ = {
			isa = XCBuildConfiguration;
			buildSettings = {
				ASSETCATALOG_COMPILER_APPICON_NAME = AppIcon;
				CODE_SIGN_STYLE = Automatic;
				DEVELOPMENT_TEAM = ZZZ2575N68;
				INFOPLIST_FILE = StatusPanel/Info.plist;
				LD_RUNPATH_SEARCH_PATHS = "$(inherited) @executable_path/Frameworks";
				PRODUCT_BUNDLE_IDENTIFIER = com.me.tomsci.StatusPanel;
				PRODUCT_NAME = "$(TARGET_NAME)";
				SWIFT_VERSION = 4.0;
				TARGETED_DEVICE_FAMILY = "1,2";
			};
			name = Release;
		};
/* End XCBuildConfiguration section */

/* Begin XCConfigurationList section */
		DBCA98742143E2920084B710 /* Build configuration list for PBXProject "StatusPanel" */ = {
			isa = XCConfigurationList;
			buildConfigurations = (
				DBCA98892143E2920084B710 /* Debug */,
				DBCA988A2143E2920084B710 /* Release */,
			);
			defaultConfigurationIsVisible = 0;
			defaultConfigurationName = Release;
		};
		DBCA988B2143E2920084B710 /* Build configuration list for PBXNativeTarget "StatusPanel" */ = {
			isa = XCConfigurationList;
			buildConfigurations = (
				DBCA988C2143E2920084B710 /* Debug */,
				DBCA988D2143E2920084B710 /* Release */,
			);
			defaultConfigurationIsVisible = 0;
			defaultConfigurationName = Release;
		};
/* End XCConfigurationList section */
	};
	rootObject = DBCA98712143E2920084B710 /* Project object */;
}
