{
    "_meta": {
        "hash": {
            "sha256": "41cb80d17f3973d7b5af049c1c5ce2f90ac131c74889af6eeb2835c52f769ec7"
        },
        "pipfile-spec": 6,
        "requires": {
            "python_version": "3"
        },
        "sources": [
            {
                "name": "pypi",
                "url": "https://pypi.org/simple",
                "verify_ssl": true
            }
        ]
    },
    "default": {
        "pick": {
            "hashes": [
                "sha256:2b07be18d16d655c7f491e1ecca7a29de3be85e1e000c8d46193672f14faa203",
                "sha256:71f1b1b5d83652f87652fea5f51a3ba0b3388a71718cdcf8c6bc1326f85ae0b9"
            ],
            "index": "pypi",
            "markers": "python_version >= '3.7'",
            "version": "==2.4.0"
        }
    },
    "develop": {}
}
