{
    "_meta": {
        "hash": {
            "sha256": "c262cecd47dc087b1a258148cc813589011d441aae7382c22f6e8d712a084716"
        },
        "pipfile-spec": 6,
        "requires": {
            "python_version": "3.6"
        },
        "sources": [
            {
                "name": "pypi",
                "url": "https://pypi.org/simple",
                "verify_ssl": true
            }
        ]
    },
    "default": {
        "pick": {
            "hashes": [
                "sha256:96920ebcfb9b8b6c2e50d9f211a700e5036611904169587a5a9245a645637a0d",
                "sha256:d301f358ee8eabe501795bb38a5160e05db68c0a89eb7ba38c7b667fc4673c8d"
            ],
            "index": "pypi",
            "version": "==2.2.0"
        }
    },
    "develop": {}
}
