{
    "_meta": {
        "hash": {
            "sha256": "41cb80d17f3973d7b5af049c1c5ce2f90ac131c74889af6eeb2835c52f769ec7"
        },
        "pipfile-spec": 6,
        "requires": {
            "python_version": "3"
        },
        "sources": [
            {
                "name": "pypi",
                "url": "https://pypi.org/simple",
                "verify_ssl": true
            }
        ]
    },
    "default": {
        "pick": {
            "hashes": [
                "sha256:2acd5cad09be96398fba3b8be89454929de7b05362e01c69d94a05801820871f",
                "sha256:f24434a845ae9265ebf7657fc224b9a203ac75aa576b568e061484a72e27be82"
            ],
            "index": "pypi",
            "markers": "python_version >= '3.8'",
            "version": "==2.6.0"
        }
    },
    "develop": {}
}
